
Microsoft Visual Studio Solution File, Format Version 12.00
# Visual Studio 15
VisualStudioVersion = 15.0.28307.168
MinimumVisualStudioVersion = 10.0.40219.1
Project("{FAE04EC0-301F-11D3-BF4B-00C04F79EFBC}") = "GameOfLife.Console", "GameOfLife.Console\GameOfLife.Console.csproj", "{A1C23ED9-2EF1-4861-B166-9A19D5986D41}"
EndProject
Project("{FAE04EC0-301F-11D3-BF4B-00C04F79EFBC}") = "GameOfLife.Tests", "GameOfLife.Tests\GameOfLife.Tests.csproj", "{56894FBA-7106-4C91-80C1-5A2601EE9644}"
EndProject
Project("{2150E333-8FDC-42A3-9474-1A3956D46DE8}") = "Solution Items", "Solution Items", "{3187C526-B3C4-4686-9C76-D7081158BB2B}"
	ProjectSection(SolutionItems) = preProject
		README.md = README.md
	EndProjectSection
EndProject
Global
	GlobalSection(SolutionConfigurationPlatforms) = preSolution
		Debug|Any CPU = Debug|Any CPU
		Release|Any CPU = Release|Any CPU
	EndGlobalSection
	GlobalSection(ProjectConfigurationPlatforms) = postSolution
		{A1C23ED9-2EF1-4861-B166-9A19D5986D41}.Debug|Any CPU.ActiveCfg = Debug|Any CPU
		{A1C23ED9-2EF1-4861-B166-9A19D5986D41}.Debug|Any CPU.Build.0 = Debug|Any CPU
		{A1C23ED9-2EF1-4861-B166-9A19D5986D41}.Release|Any CPU.ActiveCfg = Release|Any CPU
		{A1C23ED9-2EF1-4861-B166-9A19D5986D41}.Release|Any CPU.Build.0 = Release|Any CPU
		{56894FBA-7106-4C91-80C1-5A2601EE9644}.Debug|Any CPU.ActiveCfg = Debug|Any CPU
		{56894FBA-7106-4C91-80C1-5A2601EE9644}.Debug|Any CPU.Build.0 = Debug|Any CPU
		{56894FBA-7106-4C91-80C1-5A2601EE9644}.Release|Any CPU.ActiveCfg = Release|Any CPU
		{56894FBA-7106-4C91-80C1-5A2601EE9644}.Release|Any CPU.Build.0 = Release|Any CPU
	EndGlobalSection
	GlobalSection(SolutionProperties) = preSolution
		HideSolutionNode = FALSE
	EndGlobalSection
	GlobalSection(ExtensibilityGlobals) = postSolution
		SolutionGuid = {52DF238A-28C9-4B81-A139-C8AE1F928059}
	EndGlobalSection
EndGlobal
